
Microsoft Visual Studio Solution File, Format Version 12.00
# Visual Studio 15
VisualStudioVersion = 15.0.27004.2005
MinimumVisualStudioVersion = 10.0.40219.1
Project("{9A19103F-16F7-4668-BE54-9A1E7A4F7556}") = "BabelMark", "BabelMark\BabelMark.csproj", "{0AC60261-8618-417C-A5C9-55F5C689F20A}"
EndProject
Project("{FAE04EC0-301F-11D3-BF4B-00C04F79EFBC}") = "EncryptApp", "EncryptApp\EncryptApp.csproj", "{52FDD876-87B6-48AD-8514-06C211E21A48}"
EndProject
Global
	GlobalSection(SolutionConfigurationPlatforms) = preSolution
		Debug|Any CPU = Debug|Any CPU
		Release|Any CPU = Release|Any CPU
	EndGlobalSection
	GlobalSection(ProjectConfigurationPlatforms) = postSolution
		{0AC60261-8618-417C-A5C9-55F5C689F20A}.Debug|Any CPU.ActiveCfg = Debug|Any CPU
		{0AC60261-8618-417C-A5C9-55F5C689F20A}.Debug|Any CPU.Build.0 = Debug|Any CPU
		{0AC60261-8618-417C-A5C9-55F5C689F20A}.Release|Any CPU.ActiveCfg = Release|Any CPU
		{0AC60261-8618-417C-A5C9-55F5C689F20A}.Release|Any CPU.Build.0 = Release|Any CPU
		{52FDD876-87B6-48AD-8514-06C211E21A48}.Debug|Any CPU.ActiveCfg = Debug|Any CPU
		{52FDD876-87B6-48AD-8514-06C211E21A48}.Debug|Any CPU.Build.0 = Debug|Any CPU
		{52FDD876-87B6-48AD-8514-06C211E21A48}.Release|Any CPU.ActiveCfg = Release|Any CPU
		{52FDD876-87B6-48AD-8514-06C211E21A48}.Release|Any CPU.Build.0 = Release|Any CPU
	EndGlobalSection
	GlobalSection(SolutionProperties) = preSolution
		HideSolutionNode = FALSE
	EndGlobalSection
	GlobalSection(ExtensibilityGlobals) = postSolution
		SolutionGuid = {39BF335E-D572-4DE4-9359-EFFBB1032F32}
	EndGlobalSection
	GlobalSection(ExtensibilityGlobals) = postSolution
		SolutionGuid = {0F8E3934-DC61-44CA-9A13-B93921D18798}
	EndGlobalSection
EndGlobal
